// !$*UTF8*$!
{
	archiveVersion = 1;
	classes = {
	};
	objectVersion = 46;
	objects = {

/* Begin PBXBuildFile section */
		946691561BAF9495006074CA /* main.m in Sources */ = {isa = PBXBuildFile; fileRef = 946691551BAF9495006074CA /* main.m */; };
		946691591BAF9495006074CA /* AppDelegate.m in Sources */ = {isa = PBXBuildFile; fileRef = 946691581BAF9495006074CA /* AppDelegate.m */; };
		9466915C1BAF9495006074CA /* ViewController.m in Sources */ = {isa = PBXBuildFile; fileRef = 9466915B1BAF9495006074CA /* ViewController.m */; };
		9466915F1BAF9495006074CA /* Main.storyboard in Resources */ = {isa = PBXBuildFile; fileRef = 9466915D1BAF9495006074CA /* Main.storyboard */; };
		946691611BAF9495006074CA /* Images.xcassets in Resources */ = {isa = PBXBuildFile; fileRef = 946691601BAF9495006074CA /* Images.xcassets */; };
		946691641BAF9495006074CA /* LaunchScreen.xib in Resources */ = {isa = PBXBuildFile; fileRef = 946691621BAF9495006074CA /* LaunchScreen.xib */; };
		946691701BAF9495006074CA /* smollTests.m in Sources */ = {isa = PBXBuildFile; fileRef = 9466916F1BAF9495006074CA /* smollTests.m */; };
/* End PBXBuildFile section */

/* Begin PBXContainerItemProxy section */
		9466916A1BAF9495006074CA /* PBXContainerItemProxy */ = {
			isa = PBXContainerItemProxy;
			containerPortal = 946691481BAF9495006074CA /* Project object */;
			proxyType = 1;
			remoteGlobalIDString = 9466914F1BAF9495006074CA;
			remoteInfo = smoll;
		};
/* End PBXContainerItemProxy section */

/* Begin PBXFileReference section */
		946691501BAF9495006074CA /* smoll.app */ = {isa = PBXFileReference; explicitFileType = wrapper.application; includeInIndex = 0; path = smoll.app; sourceTree = BUILT_PRODUCTS_DIR; };
		946691541BAF9495006074CA /* Info.plist */ = {isa = PBXFileReference; lastKnownFileType = text.plist.xml; path = Info.plist; sourceTree = "<group>"; };
		946691551BAF9495006074CA /* main.m */ = {isa = PBXFileReference; lastKnownFileType = sourcecode.c.objc; path = main.m; sourceTree = "<group>"; };
		946691571BAF9495006074CA /* AppDelegate.h */ = {isa = PBXFileReference; lastKnownFileType = sourcecode.c.h; path = AppDelegate.h; sourceTree = "<group>"; };
		946691581BAF9495006074CA /* AppDelegate.m */ = {isa = PBXFileReference; lastKnownFileType = sourcecode.c.objc; path = AppDelegate.m; sourceTree = "<group>"; };
		9466915A1BAF9495006074CA /* ViewController.h */ = {isa = PBXFileReference; lastKnownFileType = sourcecode.c.h; path = ViewController.h; sourceTree = "<group>"; };
		9466915B1BAF9495006074CA /* ViewController.m */ = {isa = PBXFileReference; lastKnownFileType = sourcecode.c.objc; path = ViewController.m; sourceTree = "<group>"; };
		9466915E1BAF9495006074CA /* Base */ = {isa = PBXFileReference; lastKnownFileType = file.storyboard; name = Base; path = Base.lproj/Main.storyboard; sourceTree = "<group>"; };
		946691601BAF9495006074CA /* Images.xcassets */ = {isa = PBXFileReference; lastKnownFileType = folder.assetcatalog; path = Images.xcassets; sourceTree = "<group>"; };
		946691631BAF9495006074CA /* Base */ = {isa = PBXFileReference; lastKnownFileType = file.xib; name = Base; path = Base.lproj/LaunchScreen.xib; sourceTree = "<group>"; };
		946691691BAF9495006074CA /* smollTests.xctest */ = {isa = PBXFileReference; explicitFileType = wrapper.cfbundle; includeInIndex = 0; path = smollTests.xctest; sourceTree = BUILT_PRODUCTS_DIR; };
		9466916E1BAF9495006074CA /* Info.plist */ = {isa = PBXFileReference; lastKnownFileType = text.plist.xml; path = Info.plist; sourceTree = "<group>"; };
		9466916F1BAF9495006074CA /* smollTests.m */ = {isa = PBXFileReference; lastKnownFileType = sourcecode.c.objc; path = smollTests.m; sourceTree = "<group>"; };
/* End PBXFileReference section */

/* Begin PBXFrameworksBuildPhase section */
		9466914D1BAF9495006074CA /* Frameworks */ = {
			isa = PBXFrameworksBuildPhase;
			buildActionMask = 2147483647;
			files = (
			);
			runOnlyForDeploymentPostprocessing = 0;
		};
		946691661BAF9495006074CA /* Frameworks */ = {
			isa = PBXFrameworksBuildPhase;
			buildActionMask = 2147483647;
			files = (
			);
			runOnlyForDeploymentPostprocessing = 0;
		};
/* End PBXFrameworksBuildPhase section */

/* Begin PBXGroup section */
		946691471BAF9495006074CA = {
			isa = PBXGroup;
			children = (
				946691521BAF9495006074CA /* smoll */,
				9466916C1BAF9495006074CA /* smollTests */,
				946691511BAF9495006074CA /* Products */,
			);
			sourceTree = "<group>";
		};
		946691511BAF9495006074CA /* Products */ = {
			isa = PBXGroup;
			children = (
				946691501BAF9495006074CA /* smoll.app */,
				946691691BAF9495006074CA /* smollTests.xctest */,
			);
			name = Products;
			sourceTree = "<group>";
		};
		946691521BAF9495006074CA /* smoll */ = {
			isa = PBXGroup;
			children = (
				9466917C1BAF94DF006074CA /* View */,
				9466917B1BAF94D4006074CA /* Model */,
				9466917A1BAF94C7006074CA /* Utility */,
				946691791BAF94AE006074CA /* 3dr */,
				946691571BAF9495006074CA /* AppDelegate.h */,
				946691581BAF9495006074CA /* AppDelegate.m */,
				9466915A1BAF9495006074CA /* ViewController.h */,
				9466915B1BAF9495006074CA /* ViewController.m */,
				9466915D1BAF9495006074CA /* Main.storyboard */,
				946691601BAF9495006074CA /* Images.xcassets */,
				946691621BAF9495006074CA /* LaunchScreen.xib */,
				946691531BAF9495006074CA /* Supporting Files */,
			);
			path = smoll;
			sourceTree = "<group>";
		};
		946691531BAF9495006074CA /* Supporting Files */ = {
			isa = PBXGroup;
			children = (
				946691541BAF9495006074CA /* Info.plist */,
				946691551BAF9495006074CA /* main.m */,
			);
			name = "Supporting Files";
			sourceTree = "<group>";
		};
		9466916C1BAF9495006074CA /* smollTests */ = {
			isa = PBXGroup;
			children = (
				9466916F1BAF9495006074CA /* smollTests.m */,
				9466916D1BAF9495006074CA /* Supporting Files */,
			);
			path = smollTests;
			sourceTree = "<group>";
		};
		9466916D1BAF9495006074CA /* Supporting Files */ = {
			isa = PBXGroup;
			children = (
				9466916E1BAF9495006074CA /* Info.plist */,
			);
			name = "Supporting Files";
			sourceTree = "<group>";
		};
		946691791BAF94AE006074CA /* 3dr */ = {
			isa = PBXGroup;
			children = (
			);
			name = 3dr;
			sourceTree = "<group>";
		};
		9466917A1BAF94C7006074CA /* Utility */ = {
			isa = PBXGroup;
			children = (
			);
			name = Utility;
			sourceTree = "<group>";
		};
		9466917B1BAF94D4006074CA /* Model */ = {
			isa = PBXGroup;
			children = (
			);
			name = Model;
			sourceTree = "<group>";
		};
		9466917C1BAF94DF006074CA /* View */ = {
			isa = PBXGroup;
			children = (
			);
			name = View;
			sourceTree = "<group>";
		};
/* End PBXGroup section */

/* Begin PBXNativeTarget section */
		9466914F1BAF9495006074CA /* smoll */ = {
			isa = PBXNativeTarget;
			buildConfigurationList = 946691731BAF9495006074CA /* Build configuration list for PBXNativeTarget "smoll" */;
			buildPhases = (
				9466914C1BAF9495006074CA /* Sources */,
				9466914D1BAF9495006074CA /* Frameworks */,
				9466914E1BAF9495006074CA /* Resources */,
			);
			buildRules = (
			);
			dependencies = (
			);
			name = smoll;
			productName = smoll;
			productReference = 946691501BAF9495006074CA /* smoll.app */;
			productType = "com.apple.product-type.application";
		};
		946691681BAF9495006074CA /* smollTests */ = {
			isa = PBXNativeTarget;
			buildConfigurationList = 946691761BAF9495006074CA /* Build configuration list for PBXNativeTarget "smollTests" */;
			buildPhases = (
				946691651BAF9495006074CA /* Sources */,
				946691661BAF9495006074CA /* Frameworks */,
				946691671BAF9495006074CA /* Resources */,
			);
			buildRules = (
			);
			dependencies = (
				9466916B1BAF9495006074CA /* PBXTargetDependency */,
			);
			name = smollTests;
			productName = smollTests;
			productReference = 946691691BAF9495006074CA /* smollTests.xctest */;
			productType = "com.apple.product-type.bundle.unit-test";
		};
/* End PBXNativeTarget section */

/* Begin PBXProject section */
		946691481BAF9495006074CA /* Project object */ = {
			isa = PBXProject;
			attributes = {
				LastUpgradeCheck = 0640;
				ORGANIZATIONNAME = kongge;
				TargetAttributes = {
					9466914F1BAF9495006074CA = {
						CreatedOnToolsVersion = 6.4;
					};
					946691681BAF9495006074CA = {
						CreatedOnToolsVersion = 6.4;
						TestTargetID = 9466914F1BAF9495006074CA;
					};
				};
			};
			buildConfigurationList = 9466914B1BAF9495006074CA /* Build configuration list for PBXProject "smoll" */;
			compatibilityVersion = "Xcode 3.2";
			developmentRegion = English;
			hasScannedForEncodings = 0;
			knownRegions = (
				en,
				Base,
			);
			mainGroup = 946691471BAF9495006074CA;
			productRefGroup = 946691511BAF9495006074CA /* Products */;
			projectDirPath = "";
			projectRoot = "";
			targets = (
				9466914F1BAF9495006074CA /* smoll */,
				946691681BAF9495006074CA /* smollTests */,
			);
		};
/* End PBXProject section */

/* Begin PBXResourcesBuildPhase section */
		9466914E1BAF9495006074CA /* Resources */ = {
			isa = PBXResourcesBuildPhase;
			buildActionMask = 2147483647;
			files = (
				9466915F1BAF9495006074CA /* Main.storyboard in Resources */,
				946691641BAF9495006074CA /* LaunchScreen.xib in Resources */,
				946691611BAF9495006074CA /* Images.xcassets in Resources */,
			);
			runOnlyForDeploymentPostprocessing = 0;
		};
		946691671BAF9495006074CA /* Resources */ = {
			isa = PBXResourcesBuildPhase;
			buildActionMask = 2147483647;
			files = (
			);
			runOnlyForDeploymentPostprocessing = 0;
		};
/* End PBXResourcesBuildPhase section */

/* Begin PBXSourcesBuildPhase section */
		9466914C1BAF9495006074CA /* Sources */ = {
			isa = PBXSourcesBuildPhase;
			buildActionMask = 2147483647;
			files = (
				9466915C1BAF9495006074CA /* ViewController.m in Sources */,
				946691591BAF9495006074CA /* AppDelegate.m in Sources */,
				946691561BAF9495006074CA /* main.m in Sources */,
			);
			runOnlyForDeploymentPostprocessing = 0;
		};
		946691651BAF9495006074CA /* Sources */ = {
			isa = PBXSourcesBuildPhase;
			buildActionMask = 2147483647;
			files = (
				946691701BAF9495006074CA /* smollTests.m in Sources */,
			);
			runOnlyForDeploymentPostprocessing = 0;
		};
/* End PBXSourcesBuildPhase section */

/* Begin PBXTargetDependency section */
		9466916B1BAF9495006074CA /* PBXTargetDependency */ = {
			isa = PBXTargetDependency;
			target = 9466914F1BAF9495006074CA /* smoll */;
			targetProxy = 9466916A1BAF9495006074CA /* PBXContainerItemProxy */;
		};
/* End PBXTargetDependency section */

/* Begin PBXVariantGroup section */
		9466915D1BAF9495006074CA /* Main.storyboard */ = {
			isa = PBXVariantGroup;
			children = (
				9466915E1BAF9495006074CA /* Base */,
			);
			name = Main.storyboard;
			sourceTree = "<group>";
		};
		946691621BAF9495006074CA /* LaunchScreen.xib */ = {
			isa = PBXVariantGroup;
			children = (
				946691631BAF9495006074CA /* Base */,
			);
			name = LaunchScreen.xib;
			sourceTree = "<group>";
		};
/* End PBXVariantGroup section */

/* Begin XCBuildConfiguration section */
		946691711BAF9495006074CA /* Debug */ = {
			isa = XCBuildConfiguration;
			buildSettings = {
				ALWAYS_SEARCH_USER_PATHS = NO;
				CLANG_CXX_LANGUAGE_STANDARD = "gnu++0x";
				CLANG_CXX_LIBRARY = "libc++";
				CLANG_ENABLE_MODULES = YES;
				CLANG_ENABLE_OBJC_ARC = YES;
				CLANG_WARN_BOOL_CONVERSION = YES;
				CLANG_WARN_CONSTANT_CONVERSION = YES;
				CLANG_WARN_DIRECT_OBJC_ISA_USAGE = YES_ERROR;
				CLANG_WARN_EMPTY_BODY = YES;
				CLANG_WARN_ENUM_CONVERSION = YES;
				CLANG_WARN_INT_CONVERSION = YES;
				CLANG_WARN_OBJC_ROOT_CLASS = YES_ERROR;
				CLANG_WARN_UNREACHABLE_CODE = YES;
				CLANG_WARN__DUPLICATE_METHOD_MATCH = YES;
				"CODE_SIGN_IDENTITY[sdk=iphoneos*]" = "iPhone Developer";
				COPY_PHASE_STRIP = NO;
				DEBUG_INFORMATION_FORMAT = "dwarf-with-dsym";
				ENABLE_STRICT_OBJC_MSGSEND = YES;
				GCC_C_LANGUAGE_STANDARD = gnu99;
				GCC_DYNAMIC_NO_PIC = NO;
				GCC_NO_COMMON_BLOCKS = YES;
				GCC_OPTIMIZATION_LEVEL = 0;
				GCC_PREPROCESSOR_DEFINITIONS = (
					"DEBUG=1",
					"$(inherited)",
				);
				GCC_SYMBOLS_PRIVATE_EXTERN = NO;
				GCC_WARN_64_TO_32_BIT_CONVERSION = YES;
				GCC_WARN_ABOUT_RETURN_TYPE = YES_ERROR;
				GCC_WARN_UNDECLARED_SELECTOR = YES;
				GCC_WARN_UNINITIALIZED_AUTOS = YES_AGGRESSIVE;
				GCC_WARN_UNUSED_FUNCTION = YES;
				GCC_WARN_UNUSED_VARIABLE = YES;
				IPHONEOS_DEPLOYMENT_TARGET = 8.4;
				MTL_ENABLE_DEBUG_INFO = YES;
				ONLY_ACTIVE_ARCH = YES;
				SDKROOT = iphoneos;
				TARGETED_DEVICE_FAMILY = "1,2";
			};
			name = Debug;
		};
		946691721BAF9495006074CA /* Release */ = {
			isa = XCBuildConfiguration;
			buildSettings = {
				ALWAYS_SEARCH_USER_PATHS = NO;
				CLANG_CXX_LANGUAGE_STANDARD = "gnu++0x";
				CLANG_CXX_LIBRARY = "libc++";
				CLANG_ENABLE_MODULES = YES;
				CLANG_ENABLE_OBJC_ARC = YES;
				CLANG_WARN_BOOL_CONVERSION = YES;
				CLANG_WARN_CONSTANT_CONVERSION = YES;
				CLANG_WARN_DIRECT_OBJC_ISA_USAGE = YES_ERROR;
				CLANG_WARN_EMPTY_BODY = YES;
				CLANG_WARN_ENUM_CONVERSION = YES;
				CLANG_WARN_INT_CONVERSION = YES;
				CLANG_WARN_OBJC_ROOT_CLASS = YES_ERROR;
				CLANG_WARN_UNREACHABLE_CODE = YES;
				CLANG_WARN__DUPLICATE_METHOD_MATCH = YES;
				"CODE_SIGN_IDENTITY[sdk=iphoneos*]" = "iPhone Developer";
				COPY_PHASE_STRIP = NO;
				DEBUG_INFORMATION_FORMAT = "dwarf-with-dsym";
				ENABLE_NS_ASSERTIONS = NO;
				ENABLE_STRICT_OBJC_MSGSEND = YES;
				GCC_C_LANGUAGE_STANDARD = gnu99;
				GCC_NO_COMMON_BLOCKS = YES;
				GCC_WARN_64_TO_32_BIT_CONVERSION = YES;
				GCC_WARN_ABOUT_RETURN_TYPE = YES_ERROR;
				GCC_WARN_UNDECLARED_SELECTOR = YES;
				GCC_WARN_UNINITIALIZED_AUTOS = YES_AGGRESSIVE;
				GCC_WARN_UNUSED_FUNCTION = YES;
				GCC_WARN_UNUSED_VARIABLE = YES;
				IPHONEOS_DEPLOYMENT_TARGET = 8.4;
				MTL_ENABLE_DEBUG_INFO = NO;
				SDKROOT = iphoneos;
				TARGETED_DEVICE_FAMILY = "1,2";
				VALIDATE_PRODUCT = YES;
			};
			name = Release;
		};
		946691741BAF9495006074CA /* Debug */ = {
			isa = XCBuildConfiguration;
			buildSettings = {
				ASSETCATALOG_COMPILER_APPICON_NAME = AppIcon;
				INFOPLIST_FILE = smoll/Info.plist;
				LD_RUNPATH_SEARCH_PATHS = "$(inherited) @executable_path/Frameworks";
				PRODUCT_NAME = "$(TARGET_NAME)";
			};
			name = Debug;
		};
		946691751BAF9495006074CA /* Release */ = {
			isa = XCBuildConfiguration;
			buildSettings = {
				ASSETCATALOG_COMPILER_APPICON_NAME = AppIcon;
				INFOPLIST_FILE = smoll/Info.plist;
				LD_RUNPATH_SEARCH_PATHS = "$(inherited) @executable_path/Frameworks";
				PRODUCT_NAME = "$(TARGET_NAME)";
			};
			name = Release;
		};
		946691771BAF9495006074CA /* Debug */ = {
			isa = XCBuildConfiguration;
			buildSettings = {
				BUNDLE_LOADER = "$(TEST_HOST)";
				FRAMEWORK_SEARCH_PATHS = (
					"$(SDKROOT)/Developer/Library/Frameworks",
					"$(inherited)",
				);
				GCC_PREPROCESSOR_DEFINITIONS = (
					"DEBUG=1",
					"$(inherited)",
				);
				INFOPLIST_FILE = smollTests/Info.plist;
				LD_RUNPATH_SEARCH_PATHS = "$(inherited) @executable_path/Frameworks @loader_path/Frameworks";
				PRODUCT_NAME = "$(TARGET_NAME)";
				TEST_HOST = "$(BUILT_PRODUCTS_DIR)/smoll.app/smoll";
			};
			name = Debug;
		};
		946691781BAF9495006074CA /* Release */ = {
			isa = XCBuildConfiguration;
			buildSettings = {
				BUNDLE_LOADER = "$(TEST_HOST)";
				FRAMEWORK_SEARCH_PATHS = (
					"$(SDKROOT)/Developer/Library/Frameworks",
					"$(inherited)",
				);
				INFOPLIST_FILE = smollTests/Info.plist;
				LD_RUNPATH_SEARCH_PATHS = "$(inherited) @executable_path/Frameworks @loader_path/Frameworks";
				PRODUCT_NAME = "$(TARGET_NAME)";
				TEST_HOST = "$(BUILT_PRODUCTS_DIR)/smoll.app/smoll";
			};
			name = Release;
		};
/* End XCBuildConfiguration section */

/* Begin XCConfigurationList section */
		9466914B1BAF9495006074CA /* Build configuration list for PBXProject "smoll" */ = {
			isa = XCConfigurationList;
			buildConfigurations = (
				946691711BAF9495006074CA /* Debug */,
				946691721BAF9495006074CA /* Release */,
			);
			defaultConfigurationIsVisible = 0;
			defaultConfigurationName = Release;
		};
		946691731BAF9495006074CA /* Build configuration list for PBXNativeTarget "smoll" */ = {
			isa = XCConfigurationList;
			buildConfigurations = (
				946691741BAF9495006074CA /* Debug */,
				946691751BAF9495006074CA /* Release */,
			);
			defaultConfigurationIsVisible = 0;
		};
		946691761BAF9495006074CA /* Build configuration list for PBXNativeTarget "smollTests" */ = {
			isa = XCConfigurationList;
			buildConfigurations = (
				946691771BAF9495006074CA /* Debug */,
				946691781BAF9495006074CA /* Release */,
			);
			defaultConfigurationIsVisible = 0;
		};
/* End XCConfigurationList section */
	};
	rootObject = 946691481BAF9495006074CA /* Project object */;
}
